
Microsoft Visual Studio Solution File, Format Version 12.00
# Visual Studio 15
VisualStudioVersion = 15.0.27703.2042
MinimumVisualStudioVersion = 10.0.40219.1
Project("{9A19103F-16F7-4668-BE54-9A1E7A4F7556}") = "DoudizhuSharp", "DoudizhuSharp\DoudizhuSharp.csproj", "{D75B9A49-28DB-493B-AF4C-C153CC3279BD}"
EndProject
Project("{FAE04EC0-301F-11D3-BF4B-00C04F79EFBC}") = "DoudizhuSharp.Console", "DoudizhuSharp.Console\DoudizhuSharp.Console.csproj", "{A70EA655-FF67-43FE-B15E-1601B8AADD30}"
EndProject
Project("{FAE04EC0-301F-11D3-BF4B-00C04F79EFBC}") = "DoudizhuSharp.Tests", "DoudizhuSharp.Tests\DoudizhuSharp.Tests.csproj", "{CCF81167-62FC-4A2C-B341-84CD1DDF65A4}"
EndProject
Global
	GlobalSection(SolutionConfigurationPlatforms) = preSolution
		Debug|Any CPU = Debug|Any CPU
		Debug|x86 = Debug|x86
		Release|Any CPU = Release|Any CPU
		Release|x86 = Release|x86
	EndGlobalSection
	GlobalSection(ProjectConfigurationPlatforms) = postSolution
		{D75B9A49-28DB-493B-AF4C-C153CC3279BD}.Debug|Any CPU.ActiveCfg = Debug|Any CPU
		{D75B9A49-28DB-493B-AF4C-C153CC3279BD}.Debug|Any CPU.Build.0 = Debug|Any CPU
		{D75B9A49-28DB-493B-AF4C-C153CC3279BD}.Debug|x86.ActiveCfg = Debug|Any CPU
		{D75B9A49-28DB-493B-AF4C-C153CC3279BD}.Debug|x86.Build.0 = Debug|Any CPU
		{D75B9A49-28DB-493B-AF4C-C153CC3279BD}.Release|Any CPU.ActiveCfg = Release|Any CPU
		{D75B9A49-28DB-493B-AF4C-C153CC3279BD}.Release|Any CPU.Build.0 = Release|Any CPU
		{D75B9A49-28DB-493B-AF4C-C153CC3279BD}.Release|x86.ActiveCfg = Release|Any CPU
		{D75B9A49-28DB-493B-AF4C-C153CC3279BD}.Release|x86.Build.0 = Release|Any CPU
		{A70EA655-FF67-43FE-B15E-1601B8AADD30}.Debug|Any CPU.ActiveCfg = Debug|Any CPU
		{A70EA655-FF67-43FE-B15E-1601B8AADD30}.Debug|Any CPU.Build.0 = Debug|Any CPU
		{A70EA655-FF67-43FE-B15E-1601B8AADD30}.Debug|x86.ActiveCfg = Debug|Any CPU
		{A70EA655-FF67-43FE-B15E-1601B8AADD30}.Debug|x86.Build.0 = Debug|Any CPU
		{A70EA655-FF67-43FE-B15E-1601B8AADD30}.Release|Any CPU.ActiveCfg = Release|Any CPU
		{A70EA655-FF67-43FE-B15E-1601B8AADD30}.Release|Any CPU.Build.0 = Release|Any CPU
		{A70EA655-FF67-43FE-B15E-1601B8AADD30}.Release|x86.ActiveCfg = Release|Any CPU
		{A70EA655-FF67-43FE-B15E-1601B8AADD30}.Release|x86.Build.0 = Release|Any CPU
		{CCF81167-62FC-4A2C-B341-84CD1DDF65A4}.Debug|Any CPU.ActiveCfg = Debug|Any CPU
		{CCF81167-62FC-4A2C-B341-84CD1DDF65A4}.Debug|Any CPU.Build.0 = Debug|Any CPU
		{CCF81167-62FC-4A2C-B341-84CD1DDF65A4}.Debug|x86.ActiveCfg = Debug|Any CPU
		{CCF81167-62FC-4A2C-B341-84CD1DDF65A4}.Debug|x86.Build.0 = Debug|Any CPU
		{CCF81167-62FC-4A2C-B341-84CD1DDF65A4}.Release|Any CPU.ActiveCfg = Release|Any CPU
		{CCF81167-62FC-4A2C-B341-84CD1DDF65A4}.Release|Any CPU.Build.0 = Release|Any CPU
		{CCF81167-62FC-4A2C-B341-84CD1DDF65A4}.Release|x86.ActiveCfg = Release|Any CPU
		{CCF81167-62FC-4A2C-B341-84CD1DDF65A4}.Release|x86.Build.0 = Release|Any CPU
	EndGlobalSection
	GlobalSection(SolutionProperties) = preSolution
		HideSolutionNode = FALSE
	EndGlobalSection
	GlobalSection(ExtensibilityGlobals) = postSolution
		SolutionGuid = {C5F36E4D-6EB0-482D-A8A0-6C189B13102B}
	EndGlobalSection
EndGlobal
